
Microsoft Visual Studio Solution File, Format Version 12.00
# Visual Studio Version 17
VisualStudioVersion = 17.5.002.0
MinimumVisualStudioVersion = 10.0.40219.1
Project("{9A19103F-16F7-4668-BE54-9A1E7A4F7556}") = "Exemplos fundamentos", "Exemplos fundamentos.csproj", "{E768B0C9-39B3-4BFF-A2AF-8E1EBEEB558E}"
EndProject
Global
	GlobalSection(SolutionConfigurationPlatforms) = preSolution
		Debug|Any CPU = Debug|Any CPU
		Release|Any CPU = Release|Any CPU
	EndGlobalSection
	GlobalSection(ProjectConfigurationPlatforms) = postSolution
		{E768B0C9-39B3-4BFF-A2AF-8E1EBEEB558E}.Debug|Any CPU.ActiveCfg = Debug|Any CPU
		{E768B0C9-39B3-4BFF-A2AF-8E1EBEEB558E}.Debug|Any CPU.Build.0 = Debug|Any CPU
		{E768B0C9-39B3-4BFF-A2AF-8E1EBEEB558E}.Release|Any CPU.ActiveCfg = Release|Any CPU
		{E768B0C9-39B3-4BFF-A2AF-8E1EBEEB558E}.Release|Any CPU.Build.0 = Release|Any CPU
	EndGlobalSection
	GlobalSection(SolutionProperties) = preSolution
		HideSolutionNode = FALSE
	EndGlobalSection
	GlobalSection(ExtensibilityGlobals) = postSolution
		SolutionGuid = {3C3984D9-1496-4728-BE22-8A5E26F51D6C}
	EndGlobalSection
EndGlobal
